
Microsoft Visual Studio Solution File, Format Version 12.00
# Visual Studio Version 16
VisualStudioVersion = 16.0.31729.503
MinimumVisualStudioVersion = 10.0.40219.1
Project("{FAE04EC0-301F-11D3-BF4B-00C04F79EFBC}") = "login paneli", "login paneli\login paneli.csproj", "{1B7543C1-9EFF-4AAE-A0BA-E280F93DB8B2}"
EndProject
Global
	GlobalSection(SolutionConfigurationPlatforms) = preSolution
		Debug|Any CPU = Debug|Any CPU
		Release|Any CPU = Release|Any CPU
	EndGlobalSection
	GlobalSection(ProjectConfigurationPlatforms) = postSolution
		{1B7543C1-9EFF-4AAE-A0BA-E280F93DB8B2}.Debug|Any CPU.ActiveCfg = Debug|Any CPU
		{1B7543C1-9EFF-4AAE-A0BA-E280F93DB8B2}.Debug|Any CPU.Build.0 = Debug|Any CPU
		{1B7543C1-9EFF-4AAE-A0BA-E280F93DB8B2}.Release|Any CPU.ActiveCfg = Release|Any CPU
		{1B7543C1-9EFF-4AAE-A0BA-E280F93DB8B2}.Release|Any CPU.Build.0 = Release|Any CPU
	EndGlobalSection
	GlobalSection(SolutionProperties) = preSolution
		HideSolutionNode = FALSE
	EndGlobalSection
	GlobalSection(ExtensibilityGlobals) = postSolution
		SolutionGuid = {0DD42BE0-AFE0-42A5-9090-E6689EC0AED5}
	EndGlobalSection
EndGlobal
