
Microsoft Visual Studio Solution File, Format Version 12.00
# Visual Studio Version 16
VisualStudioVersion = 16.0.31729.503
MinimumVisualStudioVersion = 10.0.40219.1
Project("{FAE04EC0-301F-11D3-BF4B-00C04F79EFBC}") = "Metotlar1", "Metotlar1\Metotlar1.csproj", "{B6942739-91A8-444C-AF5D-5191BB4C323F}"
EndProject
Global
	GlobalSection(SolutionConfigurationPlatforms) = preSolution
		Debug|Any CPU = Debug|Any CPU
		Release|Any CPU = Release|Any CPU
	EndGlobalSection
	GlobalSection(ProjectConfigurationPlatforms) = postSolution
		{B6942739-91A8-444C-AF5D-5191BB4C323F}.Debug|Any CPU.ActiveCfg = Debug|Any CPU
		{B6942739-91A8-444C-AF5D-5191BB4C323F}.Debug|Any CPU.Build.0 = Debug|Any CPU
		{B6942739-91A8-444C-AF5D-5191BB4C323F}.Release|Any CPU.ActiveCfg = Release|Any CPU
		{B6942739-91A8-444C-AF5D-5191BB4C323F}.Release|Any CPU.Build.0 = Release|Any CPU
	EndGlobalSection
	GlobalSection(SolutionProperties) = preSolution
		HideSolutionNode = FALSE
	EndGlobalSection
	GlobalSection(ExtensibilityGlobals) = postSolution
		SolutionGuid = {7509D389-63D3-4EB5-915D-1ED82A28F46C}
	EndGlobalSection
EndGlobal
