
Microsoft Visual Studio Solution File, Format Version 12.00
# Visual Studio Version 16
VisualStudioVersion = 16.0.31729.503
MinimumVisualStudioVersion = 10.0.40219.1
Project("{FAE04EC0-301F-11D3-BF4B-00C04F79EFBC}") = "nesnetabanli_1", "nesnetabanli_1\nesnetabanli_1.csproj", "{6BBE885B-CDBA-458F-A5E7-0FA822D9D706}"
EndProject
Global
	GlobalSection(SolutionConfigurationPlatforms) = preSolution
		Debug|Any CPU = Debug|Any CPU
		Release|Any CPU = Release|Any CPU
	EndGlobalSection
	GlobalSection(ProjectConfigurationPlatforms) = postSolution
		{6BBE885B-CDBA-458F-A5E7-0FA822D9D706}.Debug|Any CPU.ActiveCfg = Debug|Any CPU
		{6BBE885B-CDBA-458F-A5E7-0FA822D9D706}.Debug|Any CPU.Build.0 = Debug|Any CPU
		{6BBE885B-CDBA-458F-A5E7-0FA822D9D706}.Release|Any CPU.ActiveCfg = Release|Any CPU
		{6BBE885B-CDBA-458F-A5E7-0FA822D9D706}.Release|Any CPU.Build.0 = Release|Any CPU
	EndGlobalSection
	GlobalSection(SolutionProperties) = preSolution
		HideSolutionNode = FALSE
	EndGlobalSection
	GlobalSection(ExtensibilityGlobals) = postSolution
		SolutionGuid = {A89F516D-59D5-4858-8A3C-2C480C7F000E}
	EndGlobalSection
EndGlobal
