
Microsoft Visual Studio Solution File, Format Version 12.00
# Visual Studio Version 16
VisualStudioVersion = 16.0.31729.503
MinimumVisualStudioVersion = 10.0.40219.1
Project("{FAE04EC0-301F-11D3-BF4B-00C04F79EFBC}") = "sinema_büfe_satis_prjesi", "sinema_büfe_satis_prjesi\sinema_büfe_satis_prjesi.csproj", "{76EBE03A-95E7-4D4E-9C7D-1E3A9525F9F1}"
EndProject
Global
	GlobalSection(SolutionConfigurationPlatforms) = preSolution
		Debug|Any CPU = Debug|Any CPU
		Release|Any CPU = Release|Any CPU
	EndGlobalSection
	GlobalSection(ProjectConfigurationPlatforms) = postSolution
		{76EBE03A-95E7-4D4E-9C7D-1E3A9525F9F1}.Debug|Any CPU.ActiveCfg = Debug|Any CPU
		{76EBE03A-95E7-4D4E-9C7D-1E3A9525F9F1}.Debug|Any CPU.Build.0 = Debug|Any CPU
		{76EBE03A-95E7-4D4E-9C7D-1E3A9525F9F1}.Release|Any CPU.ActiveCfg = Release|Any CPU
		{76EBE03A-95E7-4D4E-9C7D-1E3A9525F9F1}.Release|Any CPU.Build.0 = Release|Any CPU
	EndGlobalSection
	GlobalSection(SolutionProperties) = preSolution
		HideSolutionNode = FALSE
	EndGlobalSection
	GlobalSection(ExtensibilityGlobals) = postSolution
		SolutionGuid = {3DAB513D-6996-40E0-AB5E-2101C2C58652}
	EndGlobalSection
EndGlobal
