
Microsoft Visual Studio Solution File, Format Version 12.00
# Visual Studio Version 17
VisualStudioVersion = 17.3.32929.385
MinimumVisualStudioVersion = 10.0.40219.1
Project("{FAE04EC0-301F-11D3-BF4B-00C04F79EFBC}") = "deneme23", "deneme23\deneme23.csproj", "{501AB1A5-BFFD-439A-A207-A0F194127E1C}"
EndProject
Global
	GlobalSection(SolutionConfigurationPlatforms) = preSolution
		Debug|Any CPU = Debug|Any CPU
		Release|Any CPU = Release|Any CPU
	EndGlobalSection
	GlobalSection(ProjectConfigurationPlatforms) = postSolution
		{501AB1A5-BFFD-439A-A207-A0F194127E1C}.Debug|Any CPU.ActiveCfg = Debug|Any CPU
		{501AB1A5-BFFD-439A-A207-A0F194127E1C}.Debug|Any CPU.Build.0 = Debug|Any CPU
		{501AB1A5-BFFD-439A-A207-A0F194127E1C}.Release|Any CPU.ActiveCfg = Release|Any CPU
		{501AB1A5-BFFD-439A-A207-A0F194127E1C}.Release|Any CPU.Build.0 = Release|Any CPU
	EndGlobalSection
	GlobalSection(SolutionProperties) = preSolution
		HideSolutionNode = FALSE
	EndGlobalSection
	GlobalSection(ExtensibilityGlobals) = postSolution
		SolutionGuid = {A8F26B6D-1B8B-40C6-B036-F0AE37D5815C}
	EndGlobalSection
EndGlobal
